
Microsoft Visual Studio Solution File, Format Version 12.00
# Visual Studio Version 16
VisualStudioVersion = 16.0.30128.74
MinimumVisualStudioVersion = 10.0.40219.1
Project("{9A19103F-16F7-4668-BE54-9A1E7A4F7556}") = "EAAutoFramework", "EATestProject\EAAutoFramework.csproj", "{AF1AD938-4260-42FA-992A-E3D95EB8BE4F}"
EndProject
Project("{FAE04EC0-301F-11D3-BF4B-00C04F79EFBC}") = "EATest", "EATest\EATest.csproj", "{0644612E-CC32-4EE2-A6E9-EDCB10FEC980}"
EndProject
Global
	GlobalSection(SolutionConfigurationPlatforms) = preSolution
		Debug|Any CPU = Debug|Any CPU
		Release|Any CPU = Release|Any CPU
	EndGlobalSection
	GlobalSection(ProjectConfigurationPlatforms) = postSolution
		{AF1AD938-4260-42FA-992A-E3D95EB8BE4F}.Debug|Any CPU.ActiveCfg = Debug|Any CPU
		{AF1AD938-4260-42FA-992A-E3D95EB8BE4F}.Debug|Any CPU.Build.0 = Debug|Any CPU
		{AF1AD938-4260-42FA-992A-E3D95EB8BE4F}.Release|Any CPU.ActiveCfg = Release|Any CPU
		{AF1AD938-4260-42FA-992A-E3D95EB8BE4F}.Release|Any CPU.Build.0 = Release|Any CPU
		{0644612E-CC32-4EE2-A6E9-EDCB10FEC980}.Debug|Any CPU.ActiveCfg = Debug|Any CPU
		{0644612E-CC32-4EE2-A6E9-EDCB10FEC980}.Debug|Any CPU.Build.0 = Debug|Any CPU
		{0644612E-CC32-4EE2-A6E9-EDCB10FEC980}.Release|Any CPU.ActiveCfg = Release|Any CPU
		{0644612E-CC32-4EE2-A6E9-EDCB10FEC980}.Release|Any CPU.Build.0 = Release|Any CPU
	EndGlobalSection
	GlobalSection(SolutionProperties) = preSolution
		HideSolutionNode = FALSE
	EndGlobalSection
	GlobalSection(ExtensibilityGlobals) = postSolution
		SolutionGuid = {32716D6E-2502-48C4-9D40-58654B27CA78}
	EndGlobalSection
EndGlobal
